
Microsoft Visual Studio Solution File, Format Version 12.00
# Visual Studio Version 17
VisualStudioVersion = 17.3.32929.385
MinimumVisualStudioVersion = 10.0.40219.1
Project("{FAE04EC0-301F-11D3-BF4B-00C04F79EFBC}") = "class task", "class task.csproj", "{91179E3F-0FC4-48BD-87E3-C76EDAE7676F}"
EndProject
Global
	GlobalSection(SolutionConfigurationPlatforms) = preSolution
		Debug|Any CPU = Debug|Any CPU
		Release|Any CPU = Release|Any CPU
	EndGlobalSection
	GlobalSection(ProjectConfigurationPlatforms) = postSolution
		{91179E3F-0FC4-48BD-87E3-C76EDAE7676F}.Debug|Any CPU.ActiveCfg = Debug|Any CPU
		{91179E3F-0FC4-48BD-87E3-C76EDAE7676F}.Debug|Any CPU.Build.0 = Debug|Any CPU
		{91179E3F-0FC4-48BD-87E3-C76EDAE7676F}.Release|Any CPU.ActiveCfg = Release|Any CPU
		{91179E3F-0FC4-48BD-87E3-C76EDAE7676F}.Release|Any CPU.Build.0 = Release|Any CPU
	EndGlobalSection
	GlobalSection(SolutionProperties) = preSolution
		HideSolutionNode = FALSE
	EndGlobalSection
	GlobalSection(ExtensibilityGlobals) = postSolution
		SolutionGuid = {9D7E27AE-4030-40AA-A9F3-D2EB87A03555}
	EndGlobalSection
EndGlobal
